github.com/go-telegram/bot v1.24.0 h1:W/tWeUm8pkVkCGdf0n00fzJD/D31iAJ9RHFvIAZ2G9M=
github.com/go-telegram/bot v1.24.0/go.mod h1:i2TRs7fXWIeaceF3z7KzsMt/he0TwkVC680mvdTFYeM=
golang.org/x/net v0.58.0 h1:ynWG7rqYi4ccpTEuPZ2QGWHktVEM9DMCj9yzDE0Q7To=
golang.org/x/net v0.58.0/go.mod h1:YwCddHnFlT7eLQqVprV19OnhLGtc5xOKgE0RyqgfWAU=
